# THIS IS AN AUTOGENERATED FILE. DO NOT EDIT THIS FILE DIRECTLY.
# yarn lockfile v1


"@types/unist@*", "@types/unist@^2.0.6":
  version "2.0.6"
  resolved "https://registry.yarnpkg.com/@types/unist/-/unist-2.0.6.tgz#250a7b16c3b91f672a24552ec64678eeb1d3a08d"
  integrity sha512-PBjIUxZHOuj0R15/xuwJYjFi+KZdNFrehocChv4g5hu6aFroHue8m0lBP0POdK2nKzbw0cgV1mws8+V/JAcEkQ==

"@types/xast@^1.0.2":
  version "1.0.2"
  resolved "https://registry.yarnpkg.com/@types/xast/-/xast-1.0.2.tgz#1eeb4b3c6e00e9f8bd848765ce1a22d183abe37f"
  integrity sha512-eIuX49CmWaXTh0hDEQTFH5MbTV+NPm0FM5gB36nDcr9x8n75t9o7wy2guS1lakkQxtUwfVDYiokqvHk3x0CC4Q==
  dependencies:
    "@types/unist" "*"

utility-types@^3.10.0:
  version "3.10.0"
  resolved "https://registry.yarnpkg.com/utility-types/-/utility-types-3.10.0.tgz#ea4148f9a741015f05ed74fd615e1d20e6bed82b"
  integrity sha512-O11mqxmi7wMKCo6HKFt5AhO4BwY3VV68YU07tgxfz8zJTIxr4BpsezN49Ffwy9j3ZpwwJp4fkRwjRzq3uWE6Rg==
