# THIS IS AN AUTOGENERATED FILE. DO NOT EDIT THIS FILE DIRECTLY.
# yarn lockfile v1


"@types/hast@^2.0.0":
  version "2.3.4"
  resolved "https://registry.yarnpkg.com/@types/hast/-/hast-2.3.4.tgz#8aa5ef92c117d20d974a82bdfb6a648b08c0bafc"
  integrity sha512-wLEm0QvaoawEDoTRwzTXp4b4jpwiJDvR5KMnFnVodm3scufTlBOWRD6N1OBf9TZMhjlNsSfcO5V+7AF4+Vy+9g==
  dependencies:
    "@types/unist" "*"

"@types/unist@*":
  version "2.0.6"
  resolved "https://registry.yarnpkg.com/@types/unist/-/unist-2.0.6.tgz#250a7b16c3b91f672a24552ec64678eeb1d3a08d"
  integrity sha512-PBjIUxZHOuj0R15/xuwJYjFi+KZdNFrehocChv4g5hu6aFroHue8m0lBP0POdK2nKzbw0cgV1mws8+V/JAcEkQ==

csl-json@^0.1.0:
  version "0.1.0"
  resolved "https://registry.yarnpkg.com/csl-json/-/csl-json-0.1.0.tgz#5c625e03171c9232dc3839876c38bf5eef3b4187"
  integrity sha512-KMvcQ07H0kMpzl2aO1mgyp+F+LVk+z+QMpN01noMUv0Uu4mqg4KyJjeM2u2716qU9ZgPq1Kr30DXqhT4RuEg1w==

hast-util-to-string@^2.0.0:
  version "2.0.0"
  resolved "https://registry.yarnpkg.com/hast-util-to-string/-/hast-util-to-string-2.0.0.tgz#b008b0a4ea472bf34dd390b7eea1018726ae152a"
  integrity sha512-02AQ3vLhuH3FisaMM+i/9sm4OXGSq1UhOOCpTLLQtHdL3tZt7qil69r8M8iDkZYyC0HCFylcYoP+8IO7ddta1A==
  dependencies:
    "@types/hast" "^2.0.0"

unist-util-is@^5.1.1:
  version "5.1.1"
  resolved "https://registry.yarnpkg.com/unist-util-is/-/unist-util-is-5.1.1.tgz#e8aece0b102fa9bc097b0fef8f870c496d4a6236"
  integrity sha512-F5CZ68eYzuSvJjGhCLPL3cYx45IxkqXSetCcRgUXtbcm50X2L9oOWQlfUfDdAf+6Pd27YDblBfdtmsThXmwpbQ==
