# THIS IS AN AUTOGENERATED FILE. DO NOT EDIT THIS FILE DIRECTLY.
# yarn lockfile v1


"@types/node@*":
  version "17.0.14"
  resolved "https://registry.yarnpkg.com/@types/node/-/node-17.0.14.tgz#33b9b94f789a8fedd30a68efdbca4dbb06b61f20"
  integrity sha512-SbjLmERksKOGzWzPNuW7fJM7fk3YXVTFiZWB/Hs99gwhk+/dnrQRPBQjPW9aO+fi1tAffi9PrwFvsmOKmDTyng==

"@types/sax@^1.0.0":
  version "1.2.4"
  resolved "https://registry.yarnpkg.com/@types/sax/-/sax-1.2.4.tgz#8221affa7f4f3cb21abd22f244cfabfa63e6a69e"
  integrity sha512-pSAff4IAxJjfAXUG6tFkO7dsSbTmf8CtUpfhhZ5VhkRpC4628tJhh3+V6H1E+/Gs9piSzYKT5yzHO5M4GG9jkw==
  dependencies:
    "@types/node" "*"

"@types/unist@*", "@types/unist@^2.0.0":
  version "2.0.6"
  resolved "https://registry.yarnpkg.com/@types/unist/-/unist-2.0.6.tgz#250a7b16c3b91f672a24552ec64678eeb1d3a08d"
  integrity sha512-PBjIUxZHOuj0R15/xuwJYjFi+KZdNFrehocChv4g5hu6aFroHue8m0lBP0POdK2nKzbw0cgV1mws8+V/JAcEkQ==

"@types/xast@^1.0.0":
  version "1.0.2"
  resolved "https://registry.yarnpkg.com/@types/xast/-/xast-1.0.2.tgz#1eeb4b3c6e00e9f8bd848765ce1a22d183abe37f"
  integrity sha512-eIuX49CmWaXTh0hDEQTFH5MbTV+NPm0FM5gB36nDcr9x8n75t9o7wy2guS1lakkQxtUwfVDYiokqvHk3x0CC4Q==
  dependencies:
    "@types/unist" "*"

bail@^2.0.0:
  version "2.0.2"
  resolved "https://registry.yarnpkg.com/bail/-/bail-2.0.2.tgz#d26f5cd8fe5d6f832a31517b9f7c356040ba6d5d"
  integrity sha512-0xO6mYd7JB2YesxDKplafRpsiOzPt9V02ddPCLbY1xYGPOX24NTyN50qnUxgCPcSoYMhKpAuBTjQoRZCAkUDRw==

extend@^3.0.0:
  version "3.0.2"
  resolved "https://registry.yarnpkg.com/extend/-/extend-3.0.2.tgz#f8b1136b4071fbd8eb140aff858b1019ec2915fa"
  integrity sha512-fjquC59cD7CyW6urNXK0FBufkZcoiGG80wTuPujX590cB5Ttln20E2UB4S/WARVqhXffZl2LNgS+gQdPIIim/g==

is-buffer@^2.0.0:
  version "2.0.5"
  resolved "https://registry.yarnpkg.com/is-buffer/-/is-buffer-2.0.5.tgz#ebc252e400d22ff8d77fa09888821a24a658c191"
  integrity sha512-i2R6zNFDwgEHJyQUtJEk0XFi1i0dPFn/oqjK3/vPCcDeJvW5NQ83V8QbicfF1SupOaB0h8ntgBC2YiE7dfyctQ==

is-plain-obj@^4.0.0:
  version "4.0.0"
  resolved "https://registry.yarnpkg.com/is-plain-obj/-/is-plain-obj-4.0.0.tgz#06c0999fd7574edf5a906ba5644ad0feb3a84d22"
  integrity sha512-NXRbBtUdBioI73y/HmOhogw/U5msYPC9DAtGkJXeFcFWSFZw0mCUsPxk/snTuJHzNKA8kLBK4rH97RMB1BfCXw==

sax@^1.0.0:
  version "1.2.4"
  resolved "https://registry.yarnpkg.com/sax/-/sax-1.2.4.tgz#2816234e2378bddc4e5354fab5caa895df7100d9"
  integrity sha512-NqVDv9TpANUjFm0N8uM5GxL36UgKi9/atZw+x7YFnQ8ckwFGKrl4xX4yWtrey3UJm5nP1kUbnYgLopqWNSRhWw==

trough@^2.0.0:
  version "2.0.2"
  resolved "https://registry.yarnpkg.com/trough/-/trough-2.0.2.tgz#94a3aa9d5ce379fc561f6244905b3f36b7458d96"
  integrity sha512-FnHq5sTMxC0sk957wHDzRnemFnNBvt/gSY99HzK8F7UP5WAbvP70yX5bd7CjEQkN+TjdxwI7g7lJ6podqrG2/w==

unified@^10.1.1:
  version "10.1.1"
  resolved "https://registry.yarnpkg.com/unified/-/unified-10.1.1.tgz#345e349e3ab353ab612878338eb9d57b4dea1d46"
  integrity sha512-v4ky1+6BN9X3pQrOdkFIPWAaeDsHPE1svRDxq7YpTc2plkIqFMwukfqM+l0ewpP9EfwARlt9pPFAeWYhHm8X9w==
  dependencies:
    "@types/unist" "^2.0.0"
    bail "^2.0.0"
    extend "^3.0.0"
    is-buffer "^2.0.0"
    is-plain-obj "^4.0.0"
    trough "^2.0.0"
    vfile "^5.0.0"

unist-util-filter@^4.0.0:
  version "4.0.0"
  resolved "https://registry.yarnpkg.com/unist-util-filter/-/unist-util-filter-4.0.0.tgz#59bc7960bb2cfd34cc086301090540bdb5580a86"
  integrity sha512-H4iTOv2p+n83xjhx7eGFA3zSx7Xcv3Iv9lNQRpXiR8dmm9LtslhyjVlQrZLbkk4jwUrJgc8PPGkOOrfhb76s4Q==
  dependencies:
    "@types/unist" "^2.0.0"
    unist-util-is "^5.0.0"
    unist-util-visit-parents "^5.0.0"

unist-util-is@^5.0.0:
  version "5.1.1"
  resolved "https://registry.yarnpkg.com/unist-util-is/-/unist-util-is-5.1.1.tgz#e8aece0b102fa9bc097b0fef8f870c496d4a6236"
  integrity sha512-F5CZ68eYzuSvJjGhCLPL3cYx45IxkqXSetCcRgUXtbcm50X2L9oOWQlfUfDdAf+6Pd27YDblBfdtmsThXmwpbQ==

unist-util-map@^3.0.0:
  version "3.0.0"
  resolved "https://registry.yarnpkg.com/unist-util-map/-/unist-util-map-3.0.0.tgz#ec4c3e4f3f65f559b6c232087af2a470f3e5db89"
  integrity sha512-kyPbOAlOPZpytdyquF1g6qYpAjkpMpSPtR7TAj4SOQWSJfQ/LN+IFI2oWBvkxzhsPKxiMKZcgpp5ihZLLvNl6g==
  dependencies:
    "@types/unist" "^2.0.0"

unist-util-remove-position@^4.0.1:
  version "4.0.1"
  resolved "https://registry.yarnpkg.com/unist-util-remove-position/-/unist-util-remove-position-4.0.1.tgz#d5b46a7304ac114c8d91990ece085ca7c2c135c8"
  integrity sha512-0yDkppiIhDlPrfHELgB+NLQD5mfjup3a8UYclHruTJWmY74je8g+CIFr79x5f6AkmzSwlvKLbs63hC0meOMowQ==
  dependencies:
    "@types/unist" "^2.0.0"
    unist-util-visit "^4.0.0"

unist-util-stringify-position@^3.0.0:
  version "3.0.0"
  resolved "https://registry.yarnpkg.com/unist-util-stringify-position/-/unist-util-stringify-position-3.0.0.tgz#d517d2883d74d0daa0b565adc3d10a02b4a8cde9"
  integrity sha512-SdfAl8fsDclywZpfMDTVDxA2V7LjtRDTOFd44wUJamgl6OlVngsqWjxvermMYf60elWHbxhuRCZml7AnuXCaSA==
  dependencies:
    "@types/unist" "^2.0.0"

unist-util-visit-parents@^5.0.0:
  version "5.1.0"
  resolved "https://registry.yarnpkg.com/unist-util-visit-parents/-/unist-util-visit-parents-5.1.0.tgz#44bbc5d25f2411e7dfc5cecff12de43296aa8521"
  integrity sha512-y+QVLcY5eR/YVpqDsLf/xh9R3Q2Y4HxkZTp7ViLDU6WtJCEcPmRzW1gpdWDCDIqIlhuPDXOgttqPlykrHYDekg==
  dependencies:
    "@types/unist" "^2.0.0"
    unist-util-is "^5.0.0"

unist-util-visit@^4.0.0:
  version "4.1.0"
  resolved "https://registry.yarnpkg.com/unist-util-visit/-/unist-util-visit-4.1.0.tgz#f41e407a9e94da31594e6b1c9811c51ab0b3d8f5"
  integrity sha512-n7lyhFKJfVZ9MnKtqbsqkQEk5P1KShj0+//V7mAcoI6bpbUjh3C/OG8HVD+pBihfh6Ovl01m8dkcv9HNqYajmQ==
  dependencies:
    "@types/unist" "^2.0.0"
    unist-util-is "^5.0.0"
    unist-util-visit-parents "^5.0.0"

vfile-message@^3.0.0:
  version "3.1.0"
  resolved "https://registry.yarnpkg.com/vfile-message/-/vfile-message-3.1.0.tgz#5437035aa43185ff4b9210d32fada6c640e59143"
  integrity sha512-4QJbBk+DkPEhBXq3f260xSaWtjE4gPKOfulzfMFF8ZNwaPZieWsg3iVlcmF04+eebzpcpeXOOFMfrYzJHVYg+g==
  dependencies:
    "@types/unist" "^2.0.0"
    unist-util-stringify-position "^3.0.0"

vfile@^5.0.0:
  version "5.3.0"
  resolved "https://registry.yarnpkg.com/vfile/-/vfile-5.3.0.tgz#4990c78cb3157005590ee8c930b71cd7fa6a006e"
  integrity sha512-Tj44nY/48OQvarrE4FAjUfrv7GZOYzPbl5OD65HxVKwLJKMPU7zmfV8cCgCnzKWnSfYG2f3pxu+ALqs7j22xQQ==
  dependencies:
    "@types/unist" "^2.0.0"
    is-buffer "^2.0.0"
    unist-util-stringify-position "^3.0.0"
    vfile-message "^3.0.0"

xast-util-from-xml@^2.0.1:
  version "2.0.1"
  resolved "https://registry.yarnpkg.com/xast-util-from-xml/-/xast-util-from-xml-2.0.1.tgz#be244ddfbea560f0785c4267f068a1171b98be47"
  integrity sha512-1tCNX00mnFH1URM9A2B8s6oZO3ZaNDFk4NY+8n71BbhtwSYErjuzPbdkvYUHBaVu47ygvucXkzOLPJ2TUQDbgA==
  dependencies:
    "@types/sax" "^1.0.0"
    "@types/unist" "^2.0.0"
    "@types/xast" "^1.0.0"
    sax "^1.0.0"
    vfile-message "^3.0.0"
