# THIS IS AN AUTOGENERATED FILE. DO NOT EDIT THIS FILE DIRECTLY.
# yarn lockfile v1


"@types/supports-color@^8.0.0":
  version "8.1.1"
  resolved "https://registry.yarnpkg.com/@types/supports-color/-/supports-color-8.1.1.tgz#1b44b1b096479273adf7f93c75fc4ecc40a61ee4"
  integrity sha512-dPWnWsf+kzIG140B8z2w3fr5D03TLWbOAFQl45xUpI3vcizeXriNR5VYkWZ+WTMsUHqZ9Xlt3hrxGNANFyNQfw==

"@types/unist@^2.0.0":
  version "2.0.6"
  resolved "https://registry.yarnpkg.com/@types/unist/-/unist-2.0.6.tgz#250a7b16c3b91f672a24552ec64678eeb1d3a08d"
  integrity sha512-PBjIUxZHOuj0R15/xuwJYjFi+KZdNFrehocChv4g5hu6aFroHue8m0lBP0POdK2nKzbw0cgV1mws8+V/JAcEkQ==

ansi-regex@^6.0.1:
  version "6.0.1"
  resolved "https://registry.yarnpkg.com/ansi-regex/-/ansi-regex-6.0.1.tgz#3183e38fae9a65d7cb5e53945cd5897d0260a06a"
  integrity sha512-n5M855fKb2SsfMIiFFoVrABHJC8QtHwVx+mHWP3QcEqBHYienj5dHSgjbxtC0WEZXYt4wcD6zrQElDPhFuZgfA==

bail@^2.0.0:
  version "2.0.2"
  resolved "https://registry.yarnpkg.com/bail/-/bail-2.0.2.tgz#d26f5cd8fe5d6f832a31517b9f7c356040ba6d5d"
  integrity sha512-0xO6mYd7JB2YesxDKplafRpsiOzPt9V02ddPCLbY1xYGPOX24NTyN50qnUxgCPcSoYMhKpAuBTjQoRZCAkUDRw==

eastasianwidth@^0.2.0:
  version "0.2.0"
  resolved "https://registry.yarnpkg.com/eastasianwidth/-/eastasianwidth-0.2.0.tgz#696ce2ec0aa0e6ea93a397ffcf24aa7840c827cb"
  integrity sha512-I88TYZWc9XiYHRQ4/3c5rjjfgkjhLyW2luGIheGERbNQ6OY7yTybanSpDXZa8y7VUP9YmDcYa+eyq4ca7iLqWA==

emoji-regex@^9.2.2:
  version "9.2.2"
  resolved "https://registry.yarnpkg.com/emoji-regex/-/emoji-regex-9.2.2.tgz#840c8803b0d8047f4ff0cf963176b32d4ef3ed72"
  integrity sha512-L18DaJsXSUk2+42pv8mLs5jJT2hqFkFE4j21wOmgbUqsZ2hL72NsUU785g9RXgo3s0ZNgVl42TiHp3ZtOv/Vyg==

extend@^3.0.0:
  version "3.0.2"
  resolved "https://registry.yarnpkg.com/extend/-/extend-3.0.2.tgz#f8b1136b4071fbd8eb140aff858b1019ec2915fa"
  integrity sha512-fjquC59cD7CyW6urNXK0FBufkZcoiGG80wTuPujX590cB5Ttln20E2UB4S/WARVqhXffZl2LNgS+gQdPIIim/g==

is-buffer@^2.0.0:
  version "2.0.5"
  resolved "https://registry.yarnpkg.com/is-buffer/-/is-buffer-2.0.5.tgz#ebc252e400d22ff8d77fa09888821a24a658c191"
  integrity sha512-i2R6zNFDwgEHJyQUtJEk0XFi1i0dPFn/oqjK3/vPCcDeJvW5NQ83V8QbicfF1SupOaB0h8ntgBC2YiE7dfyctQ==

is-plain-obj@^4.0.0:
  version "4.0.0"
  resolved "https://registry.yarnpkg.com/is-plain-obj/-/is-plain-obj-4.0.0.tgz#06c0999fd7574edf5a906ba5644ad0feb3a84d22"
  integrity sha512-NXRbBtUdBioI73y/HmOhogw/U5msYPC9DAtGkJXeFcFWSFZw0mCUsPxk/snTuJHzNKA8kLBK4rH97RMB1BfCXw==

string-width@^5.0.0:
  version "5.1.0"
  resolved "https://registry.yarnpkg.com/string-width/-/string-width-5.1.0.tgz#5ab00980cfb29f43e736b113a120a73a0fb569d3"
  integrity sha512-7x54QnN21P+XL/v8SuNKvfgsUre6PXpN7mc77N3HlZv+f1SBRGmjxtOud2Z6FZ8DmdkD/IdjCaf9XXbnqmTZGQ==
  dependencies:
    eastasianwidth "^0.2.0"
    emoji-regex "^9.2.2"
    strip-ansi "^7.0.1"

strip-ansi@^7.0.1:
  version "7.0.1"
  resolved "https://registry.yarnpkg.com/strip-ansi/-/strip-ansi-7.0.1.tgz#61740a08ce36b61e50e65653f07060d000975fb2"
  integrity sha512-cXNxvT8dFNRVfhVME3JAe98mkXDYN2O1l7jmcwMnOslDeESg1rF/OZMtK0nRAhiari1unG5cD4jG3rapUAkLbw==
  dependencies:
    ansi-regex "^6.0.1"

supports-color@^9.0.0:
  version "9.2.1"
  resolved "https://registry.yarnpkg.com/supports-color/-/supports-color-9.2.1.tgz#599dc9d45acf74c6176e0d880bab1d7d718fe891"
  integrity sha512-Obv7ycoCTG51N7y175StI9BlAXrmgZrFhZOb0/PyjHBher/NmsdBgbbQ1Inhq+gIhz6+7Gb+jWF2Vqi7Mf1xnQ==

trough@^2.0.0:
  version "2.0.2"
  resolved "https://registry.yarnpkg.com/trough/-/trough-2.0.2.tgz#94a3aa9d5ce379fc561f6244905b3f36b7458d96"
  integrity sha512-FnHq5sTMxC0sk957wHDzRnemFnNBvt/gSY99HzK8F7UP5WAbvP70yX5bd7CjEQkN+TjdxwI7g7lJ6podqrG2/w==

unified@^10.1.1:
  version "10.1.1"
  resolved "https://registry.yarnpkg.com/unified/-/unified-10.1.1.tgz#345e349e3ab353ab612878338eb9d57b4dea1d46"
  integrity sha512-v4ky1+6BN9X3pQrOdkFIPWAaeDsHPE1svRDxq7YpTc2plkIqFMwukfqM+l0ewpP9EfwARlt9pPFAeWYhHm8X9w==
  dependencies:
    "@types/unist" "^2.0.0"
    bail "^2.0.0"
    extend "^3.0.0"
    is-buffer "^2.0.0"
    is-plain-obj "^4.0.0"
    trough "^2.0.0"
    vfile "^5.0.0"

unist-util-filter@^4.0.0:
  version "4.0.0"
  resolved "https://registry.yarnpkg.com/unist-util-filter/-/unist-util-filter-4.0.0.tgz#59bc7960bb2cfd34cc086301090540bdb5580a86"
  integrity sha512-H4iTOv2p+n83xjhx7eGFA3zSx7Xcv3Iv9lNQRpXiR8dmm9LtslhyjVlQrZLbkk4jwUrJgc8PPGkOOrfhb76s4Q==
  dependencies:
    "@types/unist" "^2.0.0"
    unist-util-is "^5.0.0"
    unist-util-visit-parents "^5.0.0"

unist-util-is@^5.0.0:
  version "5.1.1"
  resolved "https://registry.yarnpkg.com/unist-util-is/-/unist-util-is-5.1.1.tgz#e8aece0b102fa9bc097b0fef8f870c496d4a6236"
  integrity sha512-F5CZ68eYzuSvJjGhCLPL3cYx45IxkqXSetCcRgUXtbcm50X2L9oOWQlfUfDdAf+6Pd27YDblBfdtmsThXmwpbQ==

unist-util-map@^3.0.0:
  version "3.0.0"
  resolved "https://registry.yarnpkg.com/unist-util-map/-/unist-util-map-3.0.0.tgz#ec4c3e4f3f65f559b6c232087af2a470f3e5db89"
  integrity sha512-kyPbOAlOPZpytdyquF1g6qYpAjkpMpSPtR7TAj4SOQWSJfQ/LN+IFI2oWBvkxzhsPKxiMKZcgpp5ihZLLvNl6g==
  dependencies:
    "@types/unist" "^2.0.0"

unist-util-remove@^3.0.0:
  version "3.1.0"
  resolved "https://registry.yarnpkg.com/unist-util-remove/-/unist-util-remove-3.1.0.tgz#8042577e151dac989b7517976bfe4bac58f76ccd"
  integrity sha512-rO/sIghl13eN8irs5OBN2a4RC10MsJdiePCfwrvnzGtgIbHcDXr2REr0qi9F2r/CIb1r9FyyFmcMRIGs+EyUFw==
  dependencies:
    "@types/unist" "^2.0.0"
    unist-util-is "^5.0.0"
    unist-util-visit-parents "^5.0.0"

unist-util-stringify-position@^3.0.0:
  version "3.0.0"
  resolved "https://registry.yarnpkg.com/unist-util-stringify-position/-/unist-util-stringify-position-3.0.0.tgz#d517d2883d74d0daa0b565adc3d10a02b4a8cde9"
  integrity sha512-SdfAl8fsDclywZpfMDTVDxA2V7LjtRDTOFd44wUJamgl6OlVngsqWjxvermMYf60elWHbxhuRCZml7AnuXCaSA==
  dependencies:
    "@types/unist" "^2.0.0"

unist-util-visit-parents@^5.0.0:
  version "5.1.0"
  resolved "https://registry.yarnpkg.com/unist-util-visit-parents/-/unist-util-visit-parents-5.1.0.tgz#44bbc5d25f2411e7dfc5cecff12de43296aa8521"
  integrity sha512-y+QVLcY5eR/YVpqDsLf/xh9R3Q2Y4HxkZTp7ViLDU6WtJCEcPmRzW1gpdWDCDIqIlhuPDXOgttqPlykrHYDekg==
  dependencies:
    "@types/unist" "^2.0.0"
    unist-util-is "^5.0.0"

unist-util-visit@^4.0.0:
  version "4.1.0"
  resolved "https://registry.yarnpkg.com/unist-util-visit/-/unist-util-visit-4.1.0.tgz#f41e407a9e94da31594e6b1c9811c51ab0b3d8f5"
  integrity sha512-n7lyhFKJfVZ9MnKtqbsqkQEk5P1KShj0+//V7mAcoI6bpbUjh3C/OG8HVD+pBihfh6Ovl01m8dkcv9HNqYajmQ==
  dependencies:
    "@types/unist" "^2.0.0"
    unist-util-is "^5.0.0"
    unist-util-visit-parents "^5.0.0"

vfile-message@^3.0.0:
  version "3.1.0"
  resolved "https://registry.yarnpkg.com/vfile-message/-/vfile-message-3.1.0.tgz#5437035aa43185ff4b9210d32fada6c640e59143"
  integrity sha512-4QJbBk+DkPEhBXq3f260xSaWtjE4gPKOfulzfMFF8ZNwaPZieWsg3iVlcmF04+eebzpcpeXOOFMfrYzJHVYg+g==
  dependencies:
    "@types/unist" "^2.0.0"
    unist-util-stringify-position "^3.0.0"

vfile-reporter@^7.0.3:
  version "7.0.3"
  resolved "https://registry.yarnpkg.com/vfile-reporter/-/vfile-reporter-7.0.3.tgz#faa72f6d2d56841b352480c827b53f8417cb1b33"
  integrity sha512-q+ruTWxFHbow359TDqoNJn5THdwRDeV+XUOtzdT/OESgaGw05CjL68ImlbzRzqS5xL62Y1IaIWb8x+RbaNjayA==
  dependencies:
    "@types/supports-color" "^8.0.0"
    string-width "^5.0.0"
    supports-color "^9.0.0"
    unist-util-stringify-position "^3.0.0"
    vfile-sort "^3.0.0"
    vfile-statistics "^2.0.0"

vfile-sort@^3.0.0:
  version "3.0.0"
  resolved "https://registry.yarnpkg.com/vfile-sort/-/vfile-sort-3.0.0.tgz#ee13d3eaac0446200a2047a3b45d78fad6b106e6"
  integrity sha512-fJNctnuMi3l4ikTVcKpxTbzHeCgvDhnI44amA3NVDvA6rTC6oKCFpCVyT5n2fFMr3ebfr+WVQZedOCd73rzSxg==
  dependencies:
    vfile-message "^3.0.0"

vfile-statistics@^2.0.0:
  version "2.0.0"
  resolved "https://registry.yarnpkg.com/vfile-statistics/-/vfile-statistics-2.0.0.tgz#f04ee3e3c666809a3c10c06021becd41ea9c8037"
  integrity sha512-foOWtcnJhKN9M2+20AOTlWi2dxNfAoeNIoxD5GXcO182UJyId4QrXa41fWrgcfV3FWTjdEDy3I4cpLVcQscIMA==
  dependencies:
    vfile-message "^3.0.0"

vfile@^5.0.0:
  version "5.3.0"
  resolved "https://registry.yarnpkg.com/vfile/-/vfile-5.3.0.tgz#4990c78cb3157005590ee8c930b71cd7fa6a006e"
  integrity sha512-Tj44nY/48OQvarrE4FAjUfrv7GZOYzPbl5OD65HxVKwLJKMPU7zmfV8cCgCnzKWnSfYG2f3pxu+ALqs7j22xQQ==
  dependencies:
    "@types/unist" "^2.0.0"
    is-buffer "^2.0.0"
    unist-util-stringify-position "^3.0.0"
    vfile-message "^3.0.0"
