# THIS IS AN AUTOGENERATED FILE. DO NOT EDIT THIS FILE DIRECTLY.
# yarn lockfile v1


"@types/hast@^2.0.0":
  version "2.3.4"
  resolved "https://registry.yarnpkg.com/@types/hast/-/hast-2.3.4.tgz#8aa5ef92c117d20d974a82bdfb6a648b08c0bafc"
  integrity sha512-wLEm0QvaoawEDoTRwzTXp4b4jpwiJDvR5KMnFnVodm3scufTlBOWRD6N1OBf9TZMhjlNsSfcO5V+7AF4+Vy+9g==
  dependencies:
    "@types/unist" "*"

"@types/unist@*", "@types/unist@^2.0.0":
  version "2.0.6"
  resolved "https://registry.yarnpkg.com/@types/unist/-/unist-2.0.6.tgz#250a7b16c3b91f672a24552ec64678eeb1d3a08d"
  integrity sha512-PBjIUxZHOuj0R15/xuwJYjFi+KZdNFrehocChv4g5hu6aFroHue8m0lBP0POdK2nKzbw0cgV1mws8+V/JAcEkQ==

bail@^2.0.0:
  version "2.0.2"
  resolved "https://registry.yarnpkg.com/bail/-/bail-2.0.2.tgz#d26f5cd8fe5d6f832a31517b9f7c356040ba6d5d"
  integrity sha512-0xO6mYd7JB2YesxDKplafRpsiOzPt9V02ddPCLbY1xYGPOX24NTyN50qnUxgCPcSoYMhKpAuBTjQoRZCAkUDRw==

biblatex-csl-converter@^2.0.4:
  version "2.0.4"
  resolved "https://registry.yarnpkg.com/biblatex-csl-converter/-/biblatex-csl-converter-2.0.4.tgz#07a4ebe12b784234d353afc7c6ec44be406f25f1"
  integrity sha512-PkHZuN/5OUoFAQ9kwtqXW1VkAyQHpny+OMlPPqQkRii0ob3Tbi0ZyR87cWAmiBmUhkpO6zypc103HRzFL/L4OA==

csl-json@^0.1.0:
  version "0.1.0"
  resolved "https://registry.yarnpkg.com/csl-json/-/csl-json-0.1.0.tgz#5c625e03171c9232dc3839876c38bf5eef3b4187"
  integrity sha512-KMvcQ07H0kMpzl2aO1mgyp+F+LVk+z+QMpN01noMUv0Uu4mqg4KyJjeM2u2716qU9ZgPq1Kr30DXqhT4RuEg1w==

extend@^3.0.0:
  version "3.0.2"
  resolved "https://registry.yarnpkg.com/extend/-/extend-3.0.2.tgz#f8b1136b4071fbd8eb140aff858b1019ec2915fa"
  integrity sha512-fjquC59cD7CyW6urNXK0FBufkZcoiGG80wTuPujX590cB5Ttln20E2UB4S/WARVqhXffZl2LNgS+gQdPIIim/g==

hast-util-embedded@^2.0.0:
  version "2.0.0"
  resolved "https://registry.yarnpkg.com/hast-util-embedded/-/hast-util-embedded-2.0.0.tgz#877f4261044854743fc2621f728930ca61c8376f"
  integrity sha512-vEr54rDu2CheBM4nLkWbW8Rycf8HhkA/KsrDnlyKnvBTyhyO+vAG6twHnfUbiRGo56YeUBNCI4HFfHg3Wu+tig==
  dependencies:
    hast-util-is-element "^2.0.0"

hast-util-is-element@^2.0.0, hast-util-is-element@^2.1.2:
  version "2.1.2"
  resolved "https://registry.yarnpkg.com/hast-util-is-element/-/hast-util-is-element-2.1.2.tgz#fc0b0dc7cef3895e839b8d66979d57b0338c68f3"
  integrity sha512-thjnlGAnwP8ef/GSO1Q8BfVk2gundnc2peGQqEg2kUt/IqesiGg/5mSwN2fE7nLzy61pg88NG6xV+UrGOrx9EA==
  dependencies:
    "@types/hast" "^2.0.0"
    "@types/unist" "^2.0.0"

hast-util-to-string@^2.0.0:
  version "2.0.0"
  resolved "https://registry.yarnpkg.com/hast-util-to-string/-/hast-util-to-string-2.0.0.tgz#b008b0a4ea472bf34dd390b7eea1018726ae152a"
  integrity sha512-02AQ3vLhuH3FisaMM+i/9sm4OXGSq1UhOOCpTLLQtHdL3tZt7qil69r8M8iDkZYyC0HCFylcYoP+8IO7ddta1A==
  dependencies:
    "@types/hast" "^2.0.0"

hast-util-whitespace@^2.0.0:
  version "2.0.0"
  resolved "https://registry.yarnpkg.com/hast-util-whitespace/-/hast-util-whitespace-2.0.0.tgz#4fc1086467cc1ef5ba20673cb6b03cec3a970f1c"
  integrity sha512-Pkw+xBHuV6xFeJprJe2BBEoDV+AvQySaz3pPDRUs5PNZEMQjpXJJueqrpcHIXxnWTcAGi/UOCgVShlkY6kLoqg==

is-buffer@^2.0.0:
  version "2.0.5"
  resolved "https://registry.yarnpkg.com/is-buffer/-/is-buffer-2.0.5.tgz#ebc252e400d22ff8d77fa09888821a24a658c191"
  integrity sha512-i2R6zNFDwgEHJyQUtJEk0XFi1i0dPFn/oqjK3/vPCcDeJvW5NQ83V8QbicfF1SupOaB0h8ntgBC2YiE7dfyctQ==

is-plain-obj@^4.0.0:
  version "4.0.0"
  resolved "https://registry.yarnpkg.com/is-plain-obj/-/is-plain-obj-4.0.0.tgz#06c0999fd7574edf5a906ba5644ad0feb3a84d22"
  integrity sha512-NXRbBtUdBioI73y/HmOhogw/U5msYPC9DAtGkJXeFcFWSFZw0mCUsPxk/snTuJHzNKA8kLBK4rH97RMB1BfCXw==

rehype-minify-whitespace@5.0.0:
  version "5.0.0"
  resolved "https://registry.yarnpkg.com/rehype-minify-whitespace/-/rehype-minify-whitespace-5.0.0.tgz#f3eec0ac94e78adbb868133e64864343ba9fff1f"
  integrity sha512-cUkQldYx8jpWM6FZmCkOF/+mev09+5NAtBzUFZgnfXsIoglxo3h6t3S3JbNouiaqIDE6vbpI+GQpOg0xD3Z7kg==
  dependencies:
    "@types/hast" "^2.0.0"
    hast-util-embedded "^2.0.0"
    hast-util-is-element "^2.0.0"
    hast-util-whitespace "^2.0.0"
    unified "^10.0.0"
    unist-util-is "^5.0.0"

trough@^2.0.0:
  version "2.0.2"
  resolved "https://registry.yarnpkg.com/trough/-/trough-2.0.2.tgz#94a3aa9d5ce379fc561f6244905b3f36b7458d96"
  integrity sha512-FnHq5sTMxC0sk957wHDzRnemFnNBvt/gSY99HzK8F7UP5WAbvP70yX5bd7CjEQkN+TjdxwI7g7lJ6podqrG2/w==

unified@^10.0.0:
  version "10.1.1"
  resolved "https://registry.yarnpkg.com/unified/-/unified-10.1.1.tgz#345e349e3ab353ab612878338eb9d57b4dea1d46"
  integrity sha512-v4ky1+6BN9X3pQrOdkFIPWAaeDsHPE1svRDxq7YpTc2plkIqFMwukfqM+l0ewpP9EfwARlt9pPFAeWYhHm8X9w==
  dependencies:
    "@types/unist" "^2.0.0"
    bail "^2.0.0"
    extend "^3.0.0"
    is-buffer "^2.0.0"
    is-plain-obj "^4.0.0"
    trough "^2.0.0"
    vfile "^5.0.0"

unist-util-is@5.0.0:
  version "5.0.0"
  resolved "https://registry.yarnpkg.com/unist-util-is/-/unist-util-is-5.0.0.tgz#c71eddea34aa7009d54f671a6fafb3779b8035d3"
  integrity sha512-G4p13DhfdUNmlnJxd0uy5Skx1FG58LSDhX8h1xgpeSq0omOQ4ZN5BO54ToFlNX55NDTbRHMdwTOJXqAieInSEA==

unist-util-is@^5.0.0:
  version "5.1.1"
  resolved "https://registry.yarnpkg.com/unist-util-is/-/unist-util-is-5.1.1.tgz#e8aece0b102fa9bc097b0fef8f870c496d4a6236"
  integrity sha512-F5CZ68eYzuSvJjGhCLPL3cYx45IxkqXSetCcRgUXtbcm50X2L9oOWQlfUfDdAf+6Pd27YDblBfdtmsThXmwpbQ==

unist-util-remove-position@4.0.0:
  version "4.0.0"
  resolved "https://registry.yarnpkg.com/unist-util-remove-position/-/unist-util-remove-position-4.0.0.tgz#53f3ad9308d12f67d679e0a02a168a6da61ce1b5"
  integrity sha512-72MT/sa7kFttEMXFt+m/6BZ4EueZbDSJ/SUTmh7hdNVGH2NRK2JbHcnAG44wHawojvHBUiG0KYRPgAgeDj/VMg==
  dependencies:
    "@types/unist" "^2.0.0"
    unist-util-visit "^3.0.0"

unist-util-stringify-position@^3.0.0:
  version "3.0.0"
  resolved "https://registry.yarnpkg.com/unist-util-stringify-position/-/unist-util-stringify-position-3.0.0.tgz#d517d2883d74d0daa0b565adc3d10a02b4a8cde9"
  integrity sha512-SdfAl8fsDclywZpfMDTVDxA2V7LjtRDTOFd44wUJamgl6OlVngsqWjxvermMYf60elWHbxhuRCZml7AnuXCaSA==
  dependencies:
    "@types/unist" "^2.0.0"

unist-util-visit-parents@5.0.0:
  version "5.0.0"
  resolved "https://registry.yarnpkg.com/unist-util-visit-parents/-/unist-util-visit-parents-5.0.0.tgz#5ae2440f8710a0c18a2b4ba0c4471d18e1090494"
  integrity sha512-CVaLOYPM/EaFTYMytbaju3Tw4QI3DHnHFnL358FkEu0hZOzSm/hqBdVwOQDR60jF5ZzhB1tlZlRH0ll/yekZIQ==
  dependencies:
    "@types/unist" "^2.0.0"
    unist-util-is "^5.0.0"

unist-util-visit-parents@^4.0.0:
  version "4.1.1"
  resolved "https://registry.yarnpkg.com/unist-util-visit-parents/-/unist-util-visit-parents-4.1.1.tgz#e83559a4ad7e6048a46b1bdb22614f2f3f4724f2"
  integrity sha512-1xAFJXAKpnnJl8G7K5KgU7FY55y3GcLIXqkzUj5QF/QVP7biUm0K0O2oqVkYsdjzJKifYeWn9+o6piAK2hGSHw==
  dependencies:
    "@types/unist" "^2.0.0"
    unist-util-is "^5.0.0"

unist-util-visit-parents@^5.0.0:
  version "5.1.0"
  resolved "https://registry.yarnpkg.com/unist-util-visit-parents/-/unist-util-visit-parents-5.1.0.tgz#44bbc5d25f2411e7dfc5cecff12de43296aa8521"
  integrity sha512-y+QVLcY5eR/YVpqDsLf/xh9R3Q2Y4HxkZTp7ViLDU6WtJCEcPmRzW1gpdWDCDIqIlhuPDXOgttqPlykrHYDekg==
  dependencies:
    "@types/unist" "^2.0.0"
    unist-util-is "^5.0.0"

unist-util-visit@4.0.0:
  version "4.0.0"
  resolved "https://registry.yarnpkg.com/unist-util-visit/-/unist-util-visit-4.0.0.tgz#6e1f7e8e163921d20281354c38bfd3244b64580a"
  integrity sha512-3HWTvrtU10/E7qgPznBfiOyG0TXj9W8c1GSfaI8L9GkaG1pLePiQPZ7E35a0R3ToQ/zcy4Im6aZ9WBgOTnv1MQ==
  dependencies:
    "@types/unist" "^2.0.0"
    unist-util-is "^5.0.0"
    unist-util-visit-parents "^5.0.0"

unist-util-visit@^3.0.0:
  version "3.1.0"
  resolved "https://registry.yarnpkg.com/unist-util-visit/-/unist-util-visit-3.1.0.tgz#9420d285e1aee938c7d9acbafc8e160186dbaf7b"
  integrity sha512-Szoh+R/Ll68QWAyQyZZpQzZQm2UPbxibDvaY8Xc9SUtYgPsDzx5AWSk++UUt2hJuow8mvwR+rG+LQLw+KsuAKA==
  dependencies:
    "@types/unist" "^2.0.0"
    unist-util-is "^5.0.0"
    unist-util-visit-parents "^4.0.0"

vfile-message@^3.0.0:
  version "3.1.0"
  resolved "https://registry.yarnpkg.com/vfile-message/-/vfile-message-3.1.0.tgz#5437035aa43185ff4b9210d32fada6c640e59143"
  integrity sha512-4QJbBk+DkPEhBXq3f260xSaWtjE4gPKOfulzfMFF8ZNwaPZieWsg3iVlcmF04+eebzpcpeXOOFMfrYzJHVYg+g==
  dependencies:
    "@types/unist" "^2.0.0"
    unist-util-stringify-position "^3.0.0"

vfile@^5.0.0:
  version "5.3.0"
  resolved "https://registry.yarnpkg.com/vfile/-/vfile-5.3.0.tgz#4990c78cb3157005590ee8c930b71cd7fa6a006e"
  integrity sha512-Tj44nY/48OQvarrE4FAjUfrv7GZOYzPbl5OD65HxVKwLJKMPU7zmfV8cCgCnzKWnSfYG2f3pxu+ALqs7j22xQQ==
  dependencies:
    "@types/unist" "^2.0.0"
    is-buffer "^2.0.0"
    unist-util-stringify-position "^3.0.0"
    vfile-message "^3.0.0"
