# THIS IS AN AUTOGENERATED FILE. DO NOT EDIT THIS FILE DIRECTLY.
# yarn lockfile v1


"@types/unist@^2.0.6":
  version "2.0.6"
  resolved "https://registry.yarnpkg.com/@types/unist/-/unist-2.0.6.tgz#250a7b16c3b91f672a24552ec64678eeb1d3a08d"
  integrity sha512-PBjIUxZHOuj0R15/xuwJYjFi+KZdNFrehocChv4g5hu6aFroHue8m0lBP0POdK2nKzbw0cgV1mws8+V/JAcEkQ==

escape-latex@^1.2.0:
  version "1.2.0"
  resolved "https://registry.yarnpkg.com/escape-latex/-/escape-latex-1.2.0.tgz#07c03818cf7dac250cce517f4fda1b001ef2bca1"
  integrity sha512-nV5aVWW1K0wEiUIEdZ4erkGGH8mDxGyxSeqPzRNtWP7ataw+/olFObw7hujFWlVjNsaDFw5VZ5NzVSIqRgfTiw==

zwitch@^2.0.2:
  version "2.0.2"
  resolved "https://registry.yarnpkg.com/zwitch/-/zwitch-2.0.2.tgz#91f8d0e901ffa3d66599756dde7f57b17c95dce1"
  integrity sha512-JZxotl7SxAJH0j7dN4pxsTV6ZLXoLdGME+PsjkL/DaBrVryK9kTGq06GfKrwcSOqypP+fdXGoCHE36b99fWVoA==
